
Microsoft Visual Studio Solution File, Format Version 12.00
# Visual Studio 2013
VisualStudioVersion = 12.0.21005.1
MinimumVisualStudioVersion = 10.0.40219.1
Project("{8BC9CEB8-8B4A-11D0-8D11-00A0C91BC942}") = "UDPNATServer", "UDPNAT\UDPNAT.vcxproj", "{697D6C69-2ABA-4B7A-B43B-BBEB2FBD58E6}"
EndProject
Project("{8BC9CEB8-8B4A-11D0-8D11-00A0C91BC942}") = "UDPNATClient", "UDPNATClient\UDPNATClient.vcxproj", "{FDF97DFB-271D-4D52-B126-6039736A8A98}"
EndProject
Global
	GlobalSection(SolutionConfigurationPlatforms) = preSolution
		Debug|Win32 = Debug|Win32
		Release|Win32 = Release|Win32
	EndGlobalSection
	GlobalSection(ProjectConfigurationPlatforms) = postSolution
		{697D6C69-2ABA-4B7A-B43B-BBEB2FBD58E6}.Debug|Win32.ActiveCfg = Debug|Win32
		{697D6C69-2ABA-4B7A-B43B-BBEB2FBD58E6}.Debug|Win32.Build.0 = Debug|Win32
		{697D6C69-2ABA-4B7A-B43B-BBEB2FBD58E6}.Release|Win32.ActiveCfg = Release|Win32
		{697D6C69-2ABA-4B7A-B43B-BBEB2FBD58E6}.Release|Win32.Build.0 = Release|Win32
		{FDF97DFB-271D-4D52-B126-6039736A8A98}.Debug|Win32.ActiveCfg = Debug|Win32
		{FDF97DFB-271D-4D52-B126-6039736A8A98}.Debug|Win32.Build.0 = Debug|Win32
		{FDF97DFB-271D-4D52-B126-6039736A8A98}.Release|Win32.ActiveCfg = Release|Win32
		{FDF97DFB-271D-4D52-B126-6039736A8A98}.Release|Win32.Build.0 = Release|Win32
	EndGlobalSection
	GlobalSection(SolutionProperties) = preSolution
		HideSolutionNode = FALSE
	EndGlobalSection
EndGlobal
